// !$*UTF8*$!
{
	archiveVersion = 1;
	classes = {
	};
	objectVersion = 46;
	objects = {

/* Begin PBXBuildFile section */
		9DDF23D81D43EA1300CDEC64 /* AppDelegate.swift in Sources */ = {isa = PBXBuildFile; fileRef = 9DDF23D71D43EA1300CDEC64 /* AppDelegate.swift */; };
		9DDF23DA1D43EA1300CDEC64 /* ViewController.swift in Sources */ = {isa = PBXBuildFile; fileRef = 9DDF23D91D43EA1300CDEC64 /* ViewController.swift */; };
		9DDF23DD1D43EA1300CDEC64 /* Main.storyboard in Resources */ = {isa = PBXBuildFile; fileRef = 9DDF23DB1D43EA1300CDEC64 /* Main.storyboard */; };
		9DDF23DF1D43EA1300CDEC64 /* Assets.xcassets in Resources */ = {isa = PBXBuildFile; fileRef = 9DDF23DE1D43EA1300CDEC64 /* Assets.xcassets */; };
		9DDF23E21D43EA1300CDEC64 /* LaunchScreen.storyboard in Resources */ = {isa = PBXBuildFile; fileRef = 9DDF23E01D43EA1300CDEC64 /* LaunchScreen.storyboard */; };
		9DDF23ED1D43EA1300CDEC64 /* SpectraStopwatchTests.swift in Sources */ = {isa = PBXBuildFile; fileRef = 9DDF23EC1D43EA1300CDEC64 /* SpectraStopwatchTests.swift */; };
		9DDF23F81D43EA1300CDEC64 /* SpectraStopwatchUITests.swift in Sources */ = {isa = PBXBuildFile; fileRef = 9DDF23F71D43EA1300CDEC64 /* SpectraStopwatchUITests.swift */; };
/* End PBXBuildFile section */

/* Begin PBXContainerItemProxy section */
		9DDF23E91D43EA1300CDEC64 /* PBXContainerItemProxy */ = {
			isa = PBXContainerItemProxy;
			containerPortal = 9DDF23CC1D43EA1300CDEC64 /* Project object */;
			proxyType = 1;
			remoteGlobalIDString = 9DDF23D31D43EA1300CDEC64;
			remoteInfo = SpectraStopwatch;
		};
		9DDF23F41D43EA1300CDEC64 /* PBXContainerItemProxy */ = {
			isa = PBXContainerItemProxy;
			containerPortal = 9DDF23CC1D43EA1300CDEC64 /* Project object */;
			proxyType = 1;
			remoteGlobalIDString = 9DDF23D31D43EA1300CDEC64;
			remoteInfo = SpectraStopwatch;
		};
/* End PBXContainerItemProxy section */

/* Begin PBXFileReference section */
		9DDF23D41D43EA1300CDEC64 /* SpectraStopwatch.app */ = {isa = PBXFileReference; explicitFileType = wrapper.application; includeInIndex = 0; path = SpectraStopwatch.app; sourceTree = BUILT_PRODUCTS_DIR; };
		9DDF23D71D43EA1300CDEC64 /* AppDelegate.swift */ = {isa = PBXFileReference; lastKnownFileType = sourcecode.swift; path = AppDelegate.swift; sourceTree = "<group>"; };
		9DDF23D91D43EA1300CDEC64 /* ViewController.swift */ = {isa = PBXFileReference; lastKnownFileType = sourcecode.swift; path = ViewController.swift; sourceTree = "<group>"; };
		9DDF23DC1D43EA1300CDEC64 /* Base */ = {isa = PBXFileReference; lastKnownFileType = file.storyboard; name = Base; path = Base.lproj/Main.storyboard; sourceTree = "<group>"; };
		9DDF23DE1D43EA1300CDEC64 /* Assets.xcassets */ = {isa = PBXFileReference; lastKnownFileType = folder.assetcatalog; path = Assets.xcassets; sourceTree = "<group>"; };
		9DDF23E11D43EA1300CDEC64 /* Base */ = {isa = PBXFileReference; lastKnownFileType = file.storyboard; name = Base; path = Base.lproj/LaunchScreen.storyboard; sourceTree = "<group>"; };
		9DDF23E31D43EA1300CDEC64 /* Info.plist */ = {isa = PBXFileReference; lastKnownFileType = text.plist.xml; path = Info.plist; sourceTree = "<group>"; };
		9DDF23E81D43EA1300CDEC64 /* SpectraStopwatchTests.xctest */ = {isa = PBXFileReference; explicitFileType = wrapper.cfbundle; includeInIndex = 0; path = SpectraStopwatchTests.xctest; sourceTree = BUILT_PRODUCTS_DIR; };
		9DDF23EC1D43EA1300CDEC64 /* SpectraStopwatchTests.swift */ = {isa = PBXFileReference; lastKnownFileType = sourcecode.swift; path = SpectraStopwatchTests.swift; sourceTree = "<group>"; };
		9DDF23EE1D43EA1300CDEC64 /* Info.plist */ = {isa = PBXFileReference; lastKnownFileType = text.plist.xml; path = Info.plist; sourceTree = "<group>"; };
		9DDF23F31D43EA1300CDEC64 /* SpectraStopwatchUITests.xctest */ = {isa = PBXFileReference; explicitFileType = wrapper.cfbundle; includeInIndex = 0; path = SpectraStopwatchUITests.xctest; sourceTree = BUILT_PRODUCTS_DIR; };
		9DDF23F71D43EA1300CDEC64 /* SpectraStopwatchUITests.swift */ = {isa = PBXFileReference; lastKnownFileType = sourcecode.swift; path = SpectraStopwatchUITests.swift; sourceTree = "<group>"; };
		9DDF23F91D43EA1300CDEC64 /* Info.plist */ = {isa = PBXFileReference; lastKnownFileType = text.plist.xml; path = Info.plist; sourceTree = "<group>"; };
/* End PBXFileReference section */

/* Begin PBXFrameworksBuildPhase section */
		9DDF23D11D43EA1300CDEC64 /* Frameworks */ = {
			isa = PBXFrameworksBuildPhase;
			buildActionMask = 2147483647;
			files = (
			);
			runOnlyForDeploymentPostprocessing = 0;
		};
		9DDF23E51D43EA1300CDEC64 /* Frameworks */ = {
			isa = PBXFrameworksBuildPhase;
			buildActionMask = 2147483647;
			files = (
			);
			runOnlyForDeploymentPostprocessing = 0;
		};
		9DDF23F01D43EA1300CDEC64 /* Frameworks */ = {
			isa = PBXFrameworksBuildPhase;
			buildActionMask = 2147483647;
			files = (
			);
			runOnlyForDeploymentPostprocessing = 0;
		};
/* End PBXFrameworksBuildPhase section */

/* Begin PBXGroup section */
		9DDF23CB1D43EA1300CDEC64 = {
			isa = PBXGroup;
			children = (
				9DDF23D61D43EA1300CDEC64 /* SpectraStopwatch */,
				9DDF23EB1D43EA1300CDEC64 /* SpectraStopwatchTests */,
				9DDF23F61D43EA1300CDEC64 /* SpectraStopwatchUITests */,
				9DDF23D51D43EA1300CDEC64 /* Products */,
			);
			sourceTree = "<group>";
		};
		9DDF23D51D43EA1300CDEC64 /* Products */ = {
			isa = PBXGroup;
			children = (
				9DDF23D41D43EA1300CDEC64 /* SpectraStopwatch.app */,
				9DDF23E81D43EA1300CDEC64 /* SpectraStopwatchTests.xctest */,
				9DDF23F31D43EA1300CDEC64 /* SpectraStopwatchUITests.xctest */,
			);
			name = Products;
			sourceTree = "<group>";
		};
		9DDF23D61D43EA1300CDEC64 /* SpectraStopwatch */ = {
			isa = PBXGroup;
			children = (
				9DDF23D71D43EA1300CDEC64 /* AppDelegate.swift */,
				9DDF23D91D43EA1300CDEC64 /* ViewController.swift */,
				9DDF23DB1D43EA1300CDEC64 /* Main.storyboard */,
				9DDF23DE1D43EA1300CDEC64 /* Assets.xcassets */,
				9DDF23E01D43EA1300CDEC64 /* LaunchScreen.storyboard */,
				9DDF23E31D43EA1300CDEC64 /* Info.plist */,
			);
			path = SpectraStopwatch;
			sourceTree = "<group>";
		};
		9DDF23EB1D43EA1300CDEC64 /* SpectraStopwatchTests */ = {
			isa = PBXGroup;
			children = (
				9DDF23EC1D43EA1300CDEC64 /* SpectraStopwatchTests.swift */,
				9DDF23EE1D43EA1300CDEC64 /* Info.plist */,
			);
			path = SpectraStopwatchTests;
			sourceTree = "<group>";
		};
		9DDF23F61D43EA1300CDEC64 /* SpectraStopwatchUITests */ = {
			isa = PBXGroup;
			children = (
				9DDF23F71D43EA1300CDEC64 /* SpectraStopwatchUITests.swift */,
				9DDF23F91D43EA1300CDEC64 /* Info.plist */,
			);
			path = SpectraStopwatchUITests;
			sourceTree = "<group>";
		};
/* End PBXGroup section */

/* Begin PBXNativeTarget section */
		9DDF23D31D43EA1300CDEC64 /* SpectraStopwatch */ = {
			isa = PBXNativeTarget;
			buildConfigurationList = 9DDF23FC1D43EA1300CDEC64 /* Build configuration list for PBXNativeTarget "SpectraStopwatch" */;
			buildPhases = (
				9DDF23D01D43EA1300CDEC64 /* Sources */,
				9DDF23D11D43EA1300CDEC64 /* Frameworks */,
				9DDF23D21D43EA1300CDEC64 /* Resources */,
			);
			buildRules = (
			);
			dependencies = (
			);
			name = SpectraStopwatch;
			productName = SpectraStopwatch;
			productReference = 9DDF23D41D43EA1300CDEC64 /* SpectraStopwatch.app */;
			productType = "com.apple.product-type.application";
		};
		9DDF23E71D43EA1300CDEC64 /* SpectraStopwatchTests */ = {
			isa = PBXNativeTarget;
			buildConfigurationList = 9DDF23FF1D43EA1300CDEC64 /* Build configuration list for PBXNativeTarget "SpectraStopwatchTests" */;
			buildPhases = (
				9DDF23E41D43EA1300CDEC64 /* Sources */,
				9DDF23E51D43EA1300CDEC64 /* Frameworks */,
				9DDF23E61D43EA1300CDEC64 /* Resources */,
			);
			buildRules = (
			);
			dependencies = (
				9DDF23EA1D43EA1300CDEC64 /* PBXTargetDependency */,
			);
			name = SpectraStopwatchTests;
			productName = SpectraStopwatchTests;
			productReference = 9DDF23E81D43EA1300CDEC64 /* SpectraStopwatchTests.xctest */;
			productType = "com.apple.product-type.bundle.unit-test";
		};
		9DDF23F21D43EA1300CDEC64 /* SpectraStopwatchUITests */ = {
			isa = PBXNativeTarget;
			buildConfigurationList = 9DDF24021D43EA1300CDEC64 /* Build configuration list for PBXNativeTarget "SpectraStopwatchUITests" */;
			buildPhases = (
				9DDF23EF1D43EA1300CDEC64 /* Sources */,
				9DDF23F01D43EA1300CDEC64 /* Frameworks */,
				9DDF23F11D43EA1300CDEC64 /* Resources */,
			);
			buildRules = (
			);
			dependencies = (
				9DDF23F51D43EA1300CDEC64 /* PBXTargetDependency */,
			);
			name = SpectraStopwatchUITests;
			productName = SpectraStopwatchUITests;
			productReference = 9DDF23F31D43EA1300CDEC64 /* SpectraStopwatchUITests.xctest */;
			productType = "com.apple.product-type.bundle.ui-testing";
		};
/* End PBXNativeTarget section */

/* Begin PBXProject section */
		9DDF23CC1D43EA1300CDEC64 /* Project object */ = {
			isa = PBXProject;
			attributes = {
				LastSwiftUpdateCheck = 0730;
				LastUpgradeCheck = 0730;
				ORGANIZATIONNAME = "Jocelyn Tran";
				TargetAttributes = {
					9DDF23D31D43EA1300CDEC64 = {
						CreatedOnToolsVersion = 7.3.1;
					};
					9DDF23E71D43EA1300CDEC64 = {
						CreatedOnToolsVersion = 7.3.1;
						TestTargetID = 9DDF23D31D43EA1300CDEC64;
					};
					9DDF23F21D43EA1300CDEC64 = {
						CreatedOnToolsVersion = 7.3.1;
						TestTargetID = 9DDF23D31D43EA1300CDEC64;
					};
				};
			};
			buildConfigurationList = 9DDF23CF1D43EA1300CDEC64 /* Build configuration list for PBXProject "SpectraStopwatch" */;
			compatibilityVersion = "Xcode 3.2";
			developmentRegion = English;
			hasScannedForEncodings = 0;
			knownRegions = (
				en,
				Base,
			);
			mainGroup = 9DDF23CB1D43EA1300CDEC64;
			productRefGroup = 9DDF23D51D43EA1300CDEC64 /* Products */;
			projectDirPath = "";
			projectRoot = "";
			targets = (
				9DDF23D31D43EA1300CDEC64 /* SpectraStopwatch */,
				9DDF23E71D43EA1300CDEC64 /* SpectraStopwatchTests */,
				9DDF23F21D43EA1300CDEC64 /* SpectraStopwatchUITests */,
			);
		};
/* End PBXProject section */

/* Begin PBXResourcesBuildPhase section */
		9DDF23D21D43EA1300CDEC64 /* Resources */ = {
			isa = PBXResourcesBuildPhase;
			buildActionMask = 2147483647;
			files = (
				9DDF23E21D43EA1300CDEC64 /* LaunchScreen.storyboard in Resources */,
				9DDF23DF1D43EA1300CDEC64 /* Assets.xcassets in Resources */,
				9DDF23DD1D43EA1300CDEC64 /* Main.storyboard in Resources */,
			);
			runOnlyForDeploymentPostprocessing = 0;
		};
		9DDF23E61D43EA1300CDEC64 /* Resources */ = {
			isa = PBXResourcesBuildPhase;
			buildActionMask = 2147483647;
			files = (
			);
			runOnlyForDeploymentPostprocessing = 0;
		};
		9DDF23F11D43EA1300CDEC64 /* Resources */ = {
			isa = PBXResourcesBuildPhase;
			buildActionMask = 2147483647;
			files = (
			);
			runOnlyForDeploymentPostprocessing = 0;
		};
/* End PBXResourcesBuildPhase section */

/* Begin PBXSourcesBuildPhase section */
		9DDF23D01D43EA1300CDEC64 /* Sources */ = {
			isa = PBXSourcesBuildPhase;
			buildActionMask = 2147483647;
			files = (
				9DDF23DA1D43EA1300CDEC64 /* ViewController.swift in Sources */,
				9DDF23D81D43EA1300CDEC64 /* AppDelegate.swift in Sources */,
			);
			runOnlyForDeploymentPostprocessing = 0;
		};
		9DDF23E41D43EA1300CDEC64 /* Sources */ = {
			isa = PBXSourcesBuildPhase;
			buildActionMask = 2147483647;
			files = (
				9DDF23ED1D43EA1300CDEC64 /* SpectraStopwatchTests.swift in Sources */,
			);
			runOnlyForDeploymentPostprocessing = 0;
		};
		9DDF23EF1D43EA1300CDEC64 /* Sources */ = {
			isa = PBXSourcesBuildPhase;
			buildActionMask = 2147483647;
			files = (
				9DDF23F81D43EA1300CDEC64 /* SpectraStopwatchUITests.swift in Sources */,
			);
			runOnlyForDeploymentPostprocessing = 0;
		};
/* End PBXSourcesBuildPhase section */

/* Begin PBXTargetDependency section */
		9DDF23EA1D43EA1300CDEC64 /* PBXTargetDependency */ = {
			isa = PBXTargetDependency;
			target = 9DDF23D31D43EA1300CDEC64 /* SpectraStopwatch */;
			targetProxy = 9DDF23E91D43EA1300CDEC64 /* PBXContainerItemProxy */;
		};
		9DDF23F51D43EA1300CDEC64 /* PBXTargetDependency */ = {
			isa = PBXTargetDependency;
			target = 9DDF23D31D43EA1300CDEC64 /* SpectraStopwatch */;
			targetProxy = 9DDF23F41D43EA1300CDEC64 /* PBXContainerItemProxy */;
		};
/* End PBXTargetDependency section */

/* Begin PBXVariantGroup section */
		9DDF23DB1D43EA1300CDEC64 /* Main.storyboard */ = {
			isa = PBXVariantGroup;
			children = (
				9DDF23DC1D43EA1300CDEC64 /* Base */,
			);
			name = Main.storyboard;
			sourceTree = "<group>";
		};
		9DDF23E01D43EA1300CDEC64 /* LaunchScreen.storyboard */ = {
			isa = PBXVariantGroup;
			children = (
				9DDF23E11D43EA1300CDEC64 /* Base */,
			);
			name = LaunchScreen.storyboard;
			sourceTree = "<group>";
		};
/* End PBXVariantGroup section */

/* Begin XCBuildConfiguration section */
		9DDF23FA1D43EA1300CDEC64 /* Debug */ = {
			isa = XCBuildConfiguration;
			buildSettings = {
				ALWAYS_SEARCH_USER_PATHS = NO;
				CLANG_ANALYZER_NONNULL = YES;
				CLANG_CXX_LANGUAGE_STANDARD = "gnu++0x";
				CLANG_CXX_LIBRARY = "libc++";
				CLANG_ENABLE_MODULES = YES;
				CLANG_ENABLE_OBJC_ARC = YES;
				CLANG_WARN_BOOL_CONVERSION = YES;
				CLANG_WARN_CONSTANT_CONVERSION = YES;
				CLANG_WARN_DIRECT_OBJC_ISA_USAGE = YES_ERROR;
				CLANG_WARN_EMPTY_BODY = YES;
				CLANG_WARN_ENUM_CONVERSION = YES;
				CLANG_WARN_INT_CONVERSION = YES;
				CLANG_WARN_OBJC_ROOT_CLASS = YES_ERROR;
				CLANG_WARN_UNREACHABLE_CODE = YES;
				CLANG_WARN__DUPLICATE_METHOD_MATCH = YES;
				"CODE_SIGN_IDENTITY[sdk=iphoneos*]" = "iPhone Developer";
				COPY_PHASE_STRIP = NO;
				DEBUG_INFORMATION_FORMAT = dwarf;
				ENABLE_STRICT_OBJC_MSGSEND = YES;
				ENABLE_TESTABILITY = YES;
				GCC_C_LANGUAGE_STANDARD = gnu99;
				GCC_DYNAMIC_NO_PIC = NO;
				GCC_NO_COMMON_BLOCKS = YES;
				GCC_OPTIMIZATION_LEVEL = 0;
				GCC_PREPROCESSOR_DEFINITIONS = (
					"DEBUG=1",
					"$(inherited)",
				);
				GCC_WARN_64_TO_32_BIT_CONVERSION = YES;
				GCC_WARN_ABOUT_RETURN_TYPE = YES_ERROR;
				GCC_WARN_UNDECLARED_SELECTOR = YES;
				GCC_WARN_UNINITIALIZED_AUTOS = YES_AGGRESSIVE;
				GCC_WARN_UNUSED_FUNCTION = YES;
				GCC_WARN_UNUSED_VARIABLE = YES;
				IPHONEOS_DEPLOYMENT_TARGET = 9.3;
				MTL_ENABLE_DEBUG_INFO = YES;
				ONLY_ACTIVE_ARCH = YES;
				SDKROOT = iphoneos;
				SWIFT_OPTIMIZATION_LEVEL = "-Onone";
			};
			name = Debug;
		};
		9DDF23FB1D43EA1300CDEC64 /* Release */ = {
			isa = XCBuildConfiguration;
			buildSettings = {
				ALWAYS_SEARCH_USER_PATHS = NO;
				CLANG_ANALYZER_NONNULL = YES;
				CLANG_CXX_LANGUAGE_STANDARD = "gnu++0x";
				CLANG_CXX_LIBRARY = "libc++";
				CLANG_ENABLE_MODULES = YES;
				CLANG_ENABLE_OBJC_ARC = YES;
				CLANG_WARN_BOOL_CONVERSION = YES;
				CLANG_WARN_CONSTANT_CONVERSION = YES;
				CLANG_WARN_DIRECT_OBJC_ISA_USAGE = YES_ERROR;
				CLANG_WARN_EMPTY_BODY = YES;
				CLANG_WARN_ENUM_CONVERSION = YES;
				CLANG_WARN_INT_CONVERSION = YES;
				CLANG_WARN_OBJC_ROOT_CLASS = YES_ERROR;
				CLANG_WARN_UNREACHABLE_CODE = YES;
				CLANG_WARN__DUPLICATE_METHOD_MATCH = YES;
				"CODE_SIGN_IDENTITY[sdk=iphoneos*]" = "iPhone Developer";
				COPY_PHASE_STRIP = NO;
				DEBUG_INFORMATION_FORMAT = "dwarf-with-dsym";
				ENABLE_NS_ASSERTIONS = NO;
				ENABLE_STRICT_OBJC_MSGSEND = YES;
				GCC_C_LANGUAGE_STANDARD = gnu99;
				GCC_NO_COMMON_BLOCKS = YES;
				GCC_WARN_64_TO_32_BIT_CONVERSION = YES;
				GCC_WARN_ABOUT_RETURN_TYPE = YES_ERROR;
				GCC_WARN_UNDECLARED_SELECTOR = YES;
				GCC_WARN_UNINITIALIZED_AUTOS = YES_AGGRESSIVE;
				GCC_WARN_UNUSED_FUNCTION = YES;
				GCC_WARN_UNUSED_VARIABLE = YES;
				IPHONEOS_DEPLOYMENT_TARGET = 9.3;
				MTL_ENABLE_DEBUG_INFO = NO;
				SDKROOT = iphoneos;
				VALIDATE_PRODUCT = YES;
			};
			name = Release;
		};
		9DDF23FD1D43EA1300CDEC64 /* Debug */ = {
			isa = XCBuildConfiguration;
			buildSettings = {
				ASSETCATALOG_COMPILER_APPICON_NAME = AppIcon;
				INFOPLIST_FILE = SpectraStopwatch/Info.plist;
				LD_RUNPATH_SEARCH_PATHS = "$(inherited) @executable_path/Frameworks";
				PRODUCT_BUNDLE_IDENTIFIER = com.example.SpectraStopwatch;
				PRODUCT_NAME = "$(TARGET_NAME)";
			};
			name = Debug;
		};
		9DDF23FE1D43EA1300CDEC64 /* Release */ = {
			isa = XCBuildConfiguration;
			buildSettings = {
				ASSETCATALOG_COMPILER_APPICON_NAME = AppIcon;
				INFOPLIST_FILE = SpectraStopwatch/Info.plist;
				LD_RUNPATH_SEARCH_PATHS = "$(inherited) @executable_path/Frameworks";
				PRODUCT_BUNDLE_IDENTIFIER = com.example.SpectraStopwatch;
				PRODUCT_NAME = "$(TARGET_NAME)";
			};
			name = Release;
		};
		9DDF24001D43EA1300CDEC64 /* Debug */ = {
			isa = XCBuildConfiguration;
			buildSettings = {
				BUNDLE_LOADER = "$(TEST_HOST)";
				INFOPLIST_FILE = SpectraStopwatchTests/Info.plist;
				LD_RUNPATH_SEARCH_PATHS = "$(inherited) @executable_path/Frameworks @loader_path/Frameworks";
				PRODUCT_BUNDLE_IDENTIFIER = com.example.SpectraStopwatchTests;
				PRODUCT_NAME = "$(TARGET_NAME)";
				TEST_HOST = "$(BUILT_PRODUCTS_DIR)/SpectraStopwatch.app/SpectraStopwatch";
			};
			name = Debug;
		};
		9DDF24011D43EA1300CDEC64 /* Release */ = {
			isa = XCBuildConfiguration;
			buildSettings = {
				BUNDLE_LOADER = "$(TEST_HOST)";
				INFOPLIST_FILE = SpectraStopwatchTests/Info.plist;
				LD_RUNPATH_SEARCH_PATHS = "$(inherited) @executable_path/Frameworks @loader_path/Frameworks";
				PRODUCT_BUNDLE_IDENTIFIER = com.example.SpectraStopwatchTests;
				PRODUCT_NAME = "$(TARGET_NAME)";
				TEST_HOST = "$(BUILT_PRODUCTS_DIR)/SpectraStopwatch.app/SpectraStopwatch";
			};
			name = Release;
		};
		9DDF24031D43EA1300CDEC64 /* Debug */ = {
			isa = XCBuildConfiguration;
			buildSettings = {
				INFOPLIST_FILE = SpectraStopwatchUITests/Info.plist;
				LD_RUNPATH_SEARCH_PATHS = "$(inherited) @executable_path/Frameworks @loader_path/Frameworks";
				PRODUCT_BUNDLE_IDENTIFIER = com.example.SpectraStopwatchUITests;
				PRODUCT_NAME = "$(TARGET_NAME)";
				TEST_TARGET_NAME = SpectraStopwatch;
			};
			name = Debug;
		};
		9DDF24041D43EA1300CDEC64 /* Release */ = {
			isa = XCBuildConfiguration;
			buildSettings = {
				INFOPLIST_FILE = SpectraStopwatchUITests/Info.plist;
				LD_RUNPATH_SEARCH_PATHS = "$(inherited) @executable_path/Frameworks @loader_path/Frameworks";
				PRODUCT_BUNDLE_IDENTIFIER = com.example.SpectraStopwatchUITests;
				PRODUCT_NAME = "$(TARGET_NAME)";
				TEST_TARGET_NAME = SpectraStopwatch;
			};
			name = Release;
		};
/* End XCBuildConfiguration section */

/* Begin XCConfigurationList section */
		9DDF23CF1D43EA1300CDEC64 /* Build configuration list for PBXProject "SpectraStopwatch" */ = {
			isa = XCConfigurationList;
			buildConfigurations = (
				9DDF23FA1D43EA1300CDEC64 /* Debug */,
				9DDF23FB1D43EA1300CDEC64 /* Release */,
			);
			defaultConfigurationIsVisible = 0;
			defaultConfigurationName = Release;
		};
		9DDF23FC1D43EA1300CDEC64 /* Build configuration list for PBXNativeTarget "SpectraStopwatch" */ = {
			isa = XCConfigurationList;
			buildConfigurations = (
				9DDF23FD1D43EA1300CDEC64 /* Debug */,
				9DDF23FE1D43EA1300CDEC64 /* Release */,
			);
			defaultConfigurationIsVisible = 0;
		};
		9DDF23FF1D43EA1300CDEC64 /* Build configuration list for PBXNativeTarget "SpectraStopwatchTests" */ = {
			isa = XCConfigurationList;
			buildConfigurations = (
				9DDF24001D43EA1300CDEC64 /* Debug */,
				9DDF24011D43EA1300CDEC64 /* Release */,
			);
			defaultConfigurationIsVisible = 0;
		};
		9DDF24021D43EA1300CDEC64 /* Build configuration list for PBXNativeTarget "SpectraStopwatchUITests" */ = {
			isa = XCConfigurationList;
			buildConfigurations = (
				9DDF24031D43EA1300CDEC64 /* Debug */,
				9DDF24041D43EA1300CDEC64 /* Release */,
			);
			defaultConfigurationIsVisible = 0;
		};
/* End XCConfigurationList section */
	};
	rootObject = 9DDF23CC1D43EA1300CDEC64 /* Project object */;
}
